
Microsoft Visual Studio Solution File, Format Version 12.00
# Visual Studio Version 17
VisualStudioVersion = 17.14.36603.0 d17.14
MinimumVisualStudioVersion = 10.0.40219.1
Project("{8BC9CEB8-8B4A-11D0-8D11-00A0C91BC942}") = "1019(2.27)", "1019(2.27)\1019(2.27).vcxproj", "{0914C72A-9208-43EA-8610-80DCE22076AA}"
EndProject
Global
	GlobalSection(SolutionConfigurationPlatforms) = preSolution
		Debug|x64 = Debug|x64
		Debug|x86 = Debug|x86
		Release|x64 = Release|x64
		Release|x86 = Release|x86
	EndGlobalSection
	GlobalSection(ProjectConfigurationPlatforms) = postSolution
		{0914C72A-9208-43EA-8610-80DCE22076AA}.Debug|x64.ActiveCfg = Debug|x64
		{0914C72A-9208-43EA-8610-80DCE22076AA}.Debug|x64.Build.0 = Debug|x64
		{0914C72A-9208-43EA-8610-80DCE22076AA}.Debug|x86.ActiveCfg = Debug|Win32
		{0914C72A-9208-43EA-8610-80DCE22076AA}.Debug|x86.Build.0 = Debug|Win32
		{0914C72A-9208-43EA-8610-80DCE22076AA}.Release|x64.ActiveCfg = Release|x64
		{0914C72A-9208-43EA-8610-80DCE22076AA}.Release|x64.Build.0 = Release|x64
		{0914C72A-9208-43EA-8610-80DCE22076AA}.Release|x86.ActiveCfg = Release|Win32
		{0914C72A-9208-43EA-8610-80DCE22076AA}.Release|x86.Build.0 = Release|Win32
	EndGlobalSection
	GlobalSection(SolutionProperties) = preSolution
		HideSolutionNode = FALSE
	EndGlobalSection
	GlobalSection(ExtensibilityGlobals) = postSolution
		SolutionGuid = {8B276B4B-37A8-4B3D-9D97-6CB26A5762AF}
	EndGlobalSection
EndGlobal
