
Microsoft Visual Studio Solution File, Format Version 12.00
# Visual Studio Version 17
VisualStudioVersion = 17.14.36603.0 d17.14
MinimumVisualStudioVersion = 10.0.40219.1
Project("{8BC9CEB8-8B4A-11D0-8D11-00A0C91BC942}") = "1104(4.28)", "1104(4.28)\1104(4.28).vcxproj", "{290330B0-2D3E-4357-8C49-678768EE65E3}"
EndProject
Global
	GlobalSection(SolutionConfigurationPlatforms) = preSolution
		Debug|x64 = Debug|x64
		Debug|x86 = Debug|x86
		Release|x64 = Release|x64
		Release|x86 = Release|x86
	EndGlobalSection
	GlobalSection(ProjectConfigurationPlatforms) = postSolution
		{290330B0-2D3E-4357-8C49-678768EE65E3}.Debug|x64.ActiveCfg = Debug|x64
		{290330B0-2D3E-4357-8C49-678768EE65E3}.Debug|x64.Build.0 = Debug|x64
		{290330B0-2D3E-4357-8C49-678768EE65E3}.Debug|x86.ActiveCfg = Debug|Win32
		{290330B0-2D3E-4357-8C49-678768EE65E3}.Debug|x86.Build.0 = Debug|Win32
		{290330B0-2D3E-4357-8C49-678768EE65E3}.Release|x64.ActiveCfg = Release|x64
		{290330B0-2D3E-4357-8C49-678768EE65E3}.Release|x64.Build.0 = Release|x64
		{290330B0-2D3E-4357-8C49-678768EE65E3}.Release|x86.ActiveCfg = Release|Win32
		{290330B0-2D3E-4357-8C49-678768EE65E3}.Release|x86.Build.0 = Release|Win32
	EndGlobalSection
	GlobalSection(SolutionProperties) = preSolution
		HideSolutionNode = FALSE
	EndGlobalSection
	GlobalSection(ExtensibilityGlobals) = postSolution
		SolutionGuid = {8D1E43E7-915C-481F-95DB-8B698188868E}
	EndGlobalSection
EndGlobal
